// !$*UTF8*$!
{
	archiveVersion = 1;
	classes = {
	};
	objectVersion = 56;
	objects = {

/* Begin PBXBuildFile section */
		0019271D29A5245100104B26 /* UIImageView.swift in Sources */ = {isa = PBXBuildFile; fileRef = 0019271C29A5245100104B26 /* UIImageView.swift */; };
		0019271F29A5246C00104B26 /* UIView.swift in Sources */ = {isa = PBXBuildFile; fileRef = 0019271E29A5246C00104B26 /* UIView.swift */; };
		0019272329A5250500104B26 /* ImageCollectionViewCell.swift in Sources */ = {isa = PBXBuildFile; fileRef = 0019272229A5250500104B26 /* ImageCollectionViewCell.swift */; };
		0019272729A5283600104B26 /* SectionHeaderView.swift in Sources */ = {isa = PBXBuildFile; fileRef = 0019272629A5283600104B26 /* SectionHeaderView.swift */; };
		0027C21A29A56150005498E0 /* Section.swift in Sources */ = {isa = PBXBuildFile; fileRef = 0027C21929A56150005498E0 /* Section.swift */; };
		0027C21C29A56194005498E0 /* Image.swift in Sources */ = {isa = PBXBuildFile; fileRef = 0027C21B29A56194005498E0 /* Image.swift */; };
		007CBC7A29A3AF180087F68B /* AppDelegate.swift in Sources */ = {isa = PBXBuildFile; fileRef = 007CBC7929A3AF180087F68B /* AppDelegate.swift */; };
		007CBC7C29A3AF180087F68B /* SceneDelegate.swift in Sources */ = {isa = PBXBuildFile; fileRef = 007CBC7B29A3AF180087F68B /* SceneDelegate.swift */; };
		007CBC7E29A3AF180087F68B /* MainViewController.swift in Sources */ = {isa = PBXBuildFile; fileRef = 007CBC7D29A3AF180087F68B /* MainViewController.swift */; };
		007CBC8329A3AF190087F68B /* Assets.xcassets in Resources */ = {isa = PBXBuildFile; fileRef = 007CBC8229A3AF190087F68B /* Assets.xcassets */; };
		007CBC8629A3AF190087F68B /* LaunchScreen.storyboard in Resources */ = {isa = PBXBuildFile; fileRef = 007CBC8429A3AF190087F68B /* LaunchScreen.storyboard */; };
		009E26D929A66E07002B26CA /* UICollectionReusableView.swift in Sources */ = {isa = PBXBuildFile; fileRef = 009E26D829A66E07002B26CA /* UICollectionReusableView.swift */; };
		009E26DD29A6767A002B26CA /* SectionTypeEnum.swift in Sources */ = {isa = PBXBuildFile; fileRef = 009E26DC29A6767A002B26CA /* SectionTypeEnum.swift */; };
		009E26DF29A678D7002B26CA /* MainViewModel.swift in Sources */ = {isa = PBXBuildFile; fileRef = 009E26DE29A678D7002B26CA /* MainViewModel.swift */; };
		009E26E129A678F6002B26CA /* String.swift in Sources */ = {isa = PBXBuildFile; fileRef = 009E26E029A678F6002B26CA /* String.swift */; };
		009E26E329A6926B002B26CA /* LayoutSection.swift in Sources */ = {isa = PBXBuildFile; fileRef = 009E26E229A6926B002B26CA /* LayoutSection.swift */; };
/* End PBXBuildFile section */

/* Begin PBXFileReference section */
		0019271C29A5245100104B26 /* UIImageView.swift */ = {isa = PBXFileReference; lastKnownFileType = sourcecode.swift; name = UIImageView.swift; path = CompositionalImageViewer/UIImageView.swift; sourceTree = SOURCE_ROOT; };
		0019271E29A5246C00104B26 /* UIView.swift */ = {isa = PBXFileReference; lastKnownFileType = sourcecode.swift; path = UIView.swift; sourceTree = "<group>"; };
		0019272229A5250500104B26 /* ImageCollectionViewCell.swift */ = {isa = PBXFileReference; lastKnownFileType = sourcecode.swift; path = ImageCollectionViewCell.swift; sourceTree = "<group>"; };
		0019272629A5283600104B26 /* SectionHeaderView.swift */ = {isa = PBXFileReference; lastKnownFileType = sourcecode.swift; path = SectionHeaderView.swift; sourceTree = "<group>"; };
		0027C21929A56150005498E0 /* Section.swift */ = {isa = PBXFileReference; lastKnownFileType = sourcecode.swift; path = Section.swift; sourceTree = "<group>"; };
		0027C21B29A56194005498E0 /* Image.swift */ = {isa = PBXFileReference; lastKnownFileType = sourcecode.swift; path = Image.swift; sourceTree = "<group>"; };
		007CBC7629A3AF180087F68B /* CompositionalImageViewer.app */ = {isa = PBXFileReference; explicitFileType = wrapper.application; includeInIndex = 0; path = CompositionalImageViewer.app; sourceTree = BUILT_PRODUCTS_DIR; };
		007CBC7929A3AF180087F68B /* AppDelegate.swift */ = {isa = PBXFileReference; lastKnownFileType = sourcecode.swift; path = AppDelegate.swift; sourceTree = "<group>"; };
		007CBC7B29A3AF180087F68B /* SceneDelegate.swift */ = {isa = PBXFileReference; lastKnownFileType = sourcecode.swift; path = SceneDelegate.swift; sourceTree = "<group>"; };
		007CBC7D29A3AF180087F68B /* MainViewController.swift */ = {isa = PBXFileReference; lastKnownFileType = sourcecode.swift; path = MainViewController.swift; sourceTree = "<group>"; };
		007CBC8229A3AF190087F68B /* Assets.xcassets */ = {isa = PBXFileReference; lastKnownFileType = folder.assetcatalog; path = Assets.xcassets; sourceTree = "<group>"; };
		007CBC8529A3AF190087F68B /* Base */ = {isa = PBXFileReference; lastKnownFileType = file.storyboard; name = Base; path = Base.lproj/LaunchScreen.storyboard; sourceTree = "<group>"; };
		007CBC8729A3AF190087F68B /* Info.plist */ = {isa = PBXFileReference; lastKnownFileType = text.plist.xml; path = Info.plist; sourceTree = "<group>"; };
		009E26D829A66E07002B26CA /* UICollectionReusableView.swift */ = {isa = PBXFileReference; lastKnownFileType = sourcecode.swift; path = UICollectionReusableView.swift; sourceTree = "<group>"; };
		009E26DC29A6767A002B26CA /* SectionTypeEnum.swift */ = {isa = PBXFileReference; lastKnownFileType = sourcecode.swift; path = SectionTypeEnum.swift; sourceTree = "<group>"; };
		009E26DE29A678D7002B26CA /* MainViewModel.swift */ = {isa = PBXFileReference; lastKnownFileType = sourcecode.swift; path = MainViewModel.swift; sourceTree = "<group>"; };
		009E26E029A678F6002B26CA /* String.swift */ = {isa = PBXFileReference; lastKnownFileType = sourcecode.swift; path = String.swift; sourceTree = "<group>"; };
		009E26E229A6926B002B26CA /* LayoutSection.swift */ = {isa = PBXFileReference; lastKnownFileType = sourcecode.swift; path = LayoutSection.swift; sourceTree = "<group>"; };
/* End PBXFileReference section */

/* Begin PBXFrameworksBuildPhase section */
		007CBC7329A3AF180087F68B /* Frameworks */ = {
			isa = PBXFrameworksBuildPhase;
			buildActionMask = 2147483647;
			files = (
			);
			runOnlyForDeploymentPostprocessing = 0;
		};
/* End PBXFrameworksBuildPhase section */

/* Begin PBXGroup section */
		0019271B29A5243900104B26 /* Extension */ = {
			isa = PBXGroup;
			children = (
				0019271C29A5245100104B26 /* UIImageView.swift */,
				009E26E029A678F6002B26CA /* String.swift */,
				0019271E29A5246C00104B26 /* UIView.swift */,
				009E26D829A66E07002B26CA /* UICollectionReusableView.swift */,
			);
			path = Extension;
			sourceTree = "<group>";
		};
		0027C21829A56146005498E0 /* Model */ = {
			isa = PBXGroup;
			children = (
				009E26DC29A6767A002B26CA /* SectionTypeEnum.swift */,
				0027C21929A56150005498E0 /* Section.swift */,
				0027C21B29A56194005498E0 /* Image.swift */,
			);
			path = Model;
			sourceTree = "<group>";
		};
		007CBC6D29A3AF180087F68B = {
			isa = PBXGroup;
			children = (
				007CBC7829A3AF180087F68B /* CompositionalImageViewer */,
				007CBC7729A3AF180087F68B /* Products */,
			);
			sourceTree = "<group>";
		};
		007CBC7729A3AF180087F68B /* Products */ = {
			isa = PBXGroup;
			children = (
				007CBC7629A3AF180087F68B /* CompositionalImageViewer.app */,
			);
			name = Products;
			sourceTree = "<group>";
		};
		007CBC7829A3AF180087F68B /* CompositionalImageViewer */ = {
			isa = PBXGroup;
			children = (
				007CBC7929A3AF180087F68B /* AppDelegate.swift */,
				007CBC7B29A3AF180087F68B /* SceneDelegate.swift */,
				007CBC7D29A3AF180087F68B /* MainViewController.swift */,
				009E26DE29A678D7002B26CA /* MainViewModel.swift */,
				009E26E229A6926B002B26CA /* LayoutSection.swift */,
				0019272629A5283600104B26 /* SectionHeaderView.swift */,
				0019272229A5250500104B26 /* ImageCollectionViewCell.swift */,
				0027C21829A56146005498E0 /* Model */,
				0019271B29A5243900104B26 /* Extension */,
				007CBC8229A3AF190087F68B /* Assets.xcassets */,
				007CBC8429A3AF190087F68B /* LaunchScreen.storyboard */,
				007CBC8729A3AF190087F68B /* Info.plist */,
			);
			path = CompositionalImageViewer;
			sourceTree = "<group>";
		};
/* End PBXGroup section */

/* Begin PBXNativeTarget section */
		007CBC7529A3AF180087F68B /* CompositionalImageViewer */ = {
			isa = PBXNativeTarget;
			buildConfigurationList = 007CBC8A29A3AF190087F68B /* Build configuration list for PBXNativeTarget "CompositionalImageViewer" */;
			buildPhases = (
				007CBC7229A3AF180087F68B /* Sources */,
				007CBC7329A3AF180087F68B /* Frameworks */,
				007CBC7429A3AF180087F68B /* Resources */,
			);
			buildRules = (
			);
			dependencies = (
			);
			name = CompositionalImageViewer;
			productName = CompositionalImageViewer;
			productReference = 007CBC7629A3AF180087F68B /* CompositionalImageViewer.app */;
			productType = "com.apple.product-type.application";
		};
/* End PBXNativeTarget section */

/* Begin PBXProject section */
		007CBC6E29A3AF180087F68B /* Project object */ = {
			isa = PBXProject;
			attributes = {
				BuildIndependentTargetsInParallel = 1;
				LastSwiftUpdateCheck = 1420;
				LastUpgradeCheck = 1420;
				TargetAttributes = {
					007CBC7529A3AF180087F68B = {
						CreatedOnToolsVersion = 14.2;
					};
				};
			};
			buildConfigurationList = 007CBC7129A3AF180087F68B /* Build configuration list for PBXProject "CompositionalImageViewer" */;
			compatibilityVersion = "Xcode 14.0";
			developmentRegion = en;
			hasScannedForEncodings = 0;
			knownRegions = (
				en,
				Base,
			);
			mainGroup = 007CBC6D29A3AF180087F68B;
			productRefGroup = 007CBC7729A3AF180087F68B /* Products */;
			projectDirPath = "";
			projectRoot = "";
			targets = (
				007CBC7529A3AF180087F68B /* CompositionalImageViewer */,
			);
		};
/* End PBXProject section */

/* Begin PBXResourcesBuildPhase section */
		007CBC7429A3AF180087F68B /* Resources */ = {
			isa = PBXResourcesBuildPhase;
			buildActionMask = 2147483647;
			files = (
				007CBC8629A3AF190087F68B /* LaunchScreen.storyboard in Resources */,
				007CBC8329A3AF190087F68B /* Assets.xcassets in Resources */,
			);
			runOnlyForDeploymentPostprocessing = 0;
		};
/* End PBXResourcesBuildPhase section */

/* Begin PBXSourcesBuildPhase section */
		007CBC7229A3AF180087F68B /* Sources */ = {
			isa = PBXSourcesBuildPhase;
			buildActionMask = 2147483647;
			files = (
				0019272329A5250500104B26 /* ImageCollectionViewCell.swift in Sources */,
				009E26E129A678F6002B26CA /* String.swift in Sources */,
				0027C21C29A56194005498E0 /* Image.swift in Sources */,
				0019271F29A5246C00104B26 /* UIView.swift in Sources */,
				009E26DF29A678D7002B26CA /* MainViewModel.swift in Sources */,
				0019271D29A5245100104B26 /* UIImageView.swift in Sources */,
				009E26DD29A6767A002B26CA /* SectionTypeEnum.swift in Sources */,
				007CBC7E29A3AF180087F68B /* MainViewController.swift in Sources */,
				0019272729A5283600104B26 /* SectionHeaderView.swift in Sources */,
				009E26E329A6926B002B26CA /* LayoutSection.swift in Sources */,
				0027C21A29A56150005498E0 /* Section.swift in Sources */,
				009E26D929A66E07002B26CA /* UICollectionReusableView.swift in Sources */,
				007CBC7A29A3AF180087F68B /* AppDelegate.swift in Sources */,
				007CBC7C29A3AF180087F68B /* SceneDelegate.swift in Sources */,
			);
			runOnlyForDeploymentPostprocessing = 0;
		};
/* End PBXSourcesBuildPhase section */

/* Begin PBXVariantGroup section */
		007CBC8429A3AF190087F68B /* LaunchScreen.storyboard */ = {
			isa = PBXVariantGroup;
			children = (
				007CBC8529A3AF190087F68B /* Base */,
			);
			name = LaunchScreen.storyboard;
			sourceTree = "<group>";
		};
/* End PBXVariantGroup section */

/* Begin XCBuildConfiguration section */
		007CBC8829A3AF190087F68B /* Debug */ = {
			isa = XCBuildConfiguration;
			buildSettings = {
				ALWAYS_SEARCH_USER_PATHS = NO;
				CLANG_ANALYZER_NONNULL = YES;
				CLANG_ANALYZER_NUMBER_OBJECT_CONVERSION = YES_AGGRESSIVE;
				CLANG_CXX_LANGUAGE_STANDARD = "gnu++20";
				CLANG_ENABLE_MODULES = YES;
				CLANG_ENABLE_OBJC_ARC = YES;
				CLANG_ENABLE_OBJC_WEAK = YES;
				CLANG_WARN_BLOCK_CAPTURE_AUTORELEASING = YES;
				CLANG_WARN_BOOL_CONVERSION = YES;
				CLANG_WARN_COMMA = YES;
				CLANG_WARN_CONSTANT_CONVERSION = YES;
				CLANG_WARN_DEPRECATED_OBJC_IMPLEMENTATIONS = YES;
				CLANG_WARN_DIRECT_OBJC_ISA_USAGE = YES_ERROR;
				CLANG_WARN_DOCUMENTATION_COMMENTS = YES;
				CLANG_WARN_EMPTY_BODY = YES;
				CLANG_WARN_ENUM_CONVERSION = YES;
				CLANG_WARN_INFINITE_RECURSION = YES;
				CLANG_WARN_INT_CONVERSION = YES;
				CLANG_WARN_NON_LITERAL_NULL_CONVERSION = YES;
				CLANG_WARN_OBJC_IMPLICIT_RETAIN_SELF = YES;
				CLANG_WARN_OBJC_LITERAL_CONVERSION = YES;
				CLANG_WARN_OBJC_ROOT_CLASS = YES_ERROR;
				CLANG_WARN_QUOTED_INCLUDE_IN_FRAMEWORK_HEADER = YES;
				CLANG_WARN_RANGE_LOOP_ANALYSIS = YES;
				CLANG_WARN_STRICT_PROTOTYPES = YES;
				CLANG_WARN_SUSPICIOUS_MOVE = YES;
				CLANG_WARN_UNGUARDED_AVAILABILITY = YES_AGGRESSIVE;
				CLANG_WARN_UNREACHABLE_CODE = YES;
				CLANG_WARN__DUPLICATE_METHOD_MATCH = YES;
				COPY_PHASE_STRIP = NO;
				DEBUG_INFORMATION_FORMAT = dwarf;
				ENABLE_STRICT_OBJC_MSGSEND = YES;
				ENABLE_TESTABILITY = YES;
				GCC_C_LANGUAGE_STANDARD = gnu11;
				GCC_DYNAMIC_NO_PIC = NO;
				GCC_NO_COMMON_BLOCKS = YES;
				GCC_OPTIMIZATION_LEVEL = 0;
				GCC_PREPROCESSOR_DEFINITIONS = (
					"DEBUG=1",
					"$(inherited)",
				);
				GCC_WARN_64_TO_32_BIT_CONVERSION = YES;
				GCC_WARN_ABOUT_RETURN_TYPE = YES_ERROR;
				GCC_WARN_UNDECLARED_SELECTOR = YES;
				GCC_WARN_UNINITIALIZED_AUTOS = YES_AGGRESSIVE;
				GCC_WARN_UNUSED_FUNCTION = YES;
				GCC_WARN_UNUSED_VARIABLE = YES;
				IPHONEOS_DEPLOYMENT_TARGET = 16.2;
				MTL_ENABLE_DEBUG_INFO = INCLUDE_SOURCE;
				MTL_FAST_MATH = YES;
				ONLY_ACTIVE_ARCH = YES;
				SDKROOT = iphoneos;
				SWIFT_ACTIVE_COMPILATION_CONDITIONS = DEBUG;
				SWIFT_OPTIMIZATION_LEVEL = "-Onone";
			};
			name = Debug;
		};
		007CBC8929A3AF190087F68B /* Release */ = {
			isa = XCBuildConfiguration;
			buildSettings = {
				ALWAYS_SEARCH_USER_PATHS = NO;
				CLANG_ANALYZER_NONNULL = YES;
				CLANG_ANALYZER_NUMBER_OBJECT_CONVERSION = YES_AGGRESSIVE;
				CLANG_CXX_LANGUAGE_STANDARD = "gnu++20";
				CLANG_ENABLE_MODULES = YES;
				CLANG_ENABLE_OBJC_ARC = YES;
				CLANG_ENABLE_OBJC_WEAK = YES;
				CLANG_WARN_BLOCK_CAPTURE_AUTORELEASING = YES;
				CLANG_WARN_BOOL_CONVERSION = YES;
				CLANG_WARN_COMMA = YES;
				CLANG_WARN_CONSTANT_CONVERSION = YES;
				CLANG_WARN_DEPRECATED_OBJC_IMPLEMENTATIONS = YES;
				CLANG_WARN_DIRECT_OBJC_ISA_USAGE = YES_ERROR;
				CLANG_WARN_DOCUMENTATION_COMMENTS = YES;
				CLANG_WARN_EMPTY_BODY = YES;
				CLANG_WARN_ENUM_CONVERSION = YES;
				CLANG_WARN_INFINITE_RECURSION = YES;
				CLANG_WARN_INT_CONVERSION = YES;
				CLANG_WARN_NON_LITERAL_NULL_CONVERSION = YES;
				CLANG_WARN_OBJC_IMPLICIT_RETAIN_SELF = YES;
				CLANG_WARN_OBJC_LITERAL_CONVERSION = YES;
				CLANG_WARN_OBJC_ROOT_CLASS = YES_ERROR;
				CLANG_WARN_QUOTED_INCLUDE_IN_FRAMEWORK_HEADER = YES;
				CLANG_WARN_RANGE_LOOP_ANALYSIS = YES;
				CLANG_WARN_STRICT_PROTOTYPES = YES;
				CLANG_WARN_SUSPICIOUS_MOVE = YES;
				CLANG_WARN_UNGUARDED_AVAILABILITY = YES_AGGRESSIVE;
				CLANG_WARN_UNREACHABLE_CODE = YES;
				CLANG_WARN__DUPLICATE_METHOD_MATCH = YES;
				COPY_PHASE_STRIP = NO;
				DEBUG_INFORMATION_FORMAT = "dwarf-with-dsym";
				ENABLE_NS_ASSERTIONS = NO;
				ENABLE_STRICT_OBJC_MSGSEND = YES;
				GCC_C_LANGUAGE_STANDARD = gnu11;
				GCC_NO_COMMON_BLOCKS = YES;
				GCC_WARN_64_TO_32_BIT_CONVERSION = YES;
				GCC_WARN_ABOUT_RETURN_TYPE = YES_ERROR;
				GCC_WARN_UNDECLARED_SELECTOR = YES;
				GCC_WARN_UNINITIALIZED_AUTOS = YES_AGGRESSIVE;
				GCC_WARN_UNUSED_FUNCTION = YES;
				GCC_WARN_UNUSED_VARIABLE = YES;
				IPHONEOS_DEPLOYMENT_TARGET = 16.2;
				MTL_ENABLE_DEBUG_INFO = NO;
				MTL_FAST_MATH = YES;
				SDKROOT = iphoneos;
				SWIFT_COMPILATION_MODE = wholemodule;
				SWIFT_OPTIMIZATION_LEVEL = "-O";
				VALIDATE_PRODUCT = YES;
			};
			name = Release;
		};
		007CBC8B29A3AF190087F68B /* Debug */ = {
			isa = XCBuildConfiguration;
			buildSettings = {
				ASSETCATALOG_COMPILER_APPICON_NAME = AppIcon;
				ASSETCATALOG_COMPILER_GLOBAL_ACCENT_COLOR_NAME = AccentColor;
				CODE_SIGN_STYLE = Automatic;
				CURRENT_PROJECT_VERSION = 1;
				DEVELOPMENT_TEAM = TLVPYH63L4;
				GENERATE_INFOPLIST_FILE = YES;
				INFOPLIST_FILE = CompositionalImageViewer/Info.plist;
				INFOPLIST_KEY_UIApplicationSupportsIndirectInputEvents = YES;
				INFOPLIST_KEY_UILaunchStoryboardName = LaunchScreen;
				INFOPLIST_KEY_UISupportedInterfaceOrientations_iPad = "UIInterfaceOrientationPortrait UIInterfaceOrientationPortraitUpsideDown UIInterfaceOrientationLandscapeLeft UIInterfaceOrientationLandscapeRight";
				INFOPLIST_KEY_UISupportedInterfaceOrientations_iPhone = "UIInterfaceOrientationPortrait UIInterfaceOrientationLandscapeLeft UIInterfaceOrientationLandscapeRight";
				LD_RUNPATH_SEARCH_PATHS = (
					"$(inherited)",
					"@executable_path/Frameworks",
				);
				MARKETING_VERSION = 1.0;
				PRODUCT_BUNDLE_IDENTIFIER = com.merichle.CompositionalImageViewer;
				PRODUCT_NAME = "$(TARGET_NAME)";
				SWIFT_EMIT_LOC_STRINGS = YES;
				SWIFT_VERSION = 5.0;
				TARGETED_DEVICE_FAMILY = "1,2";
			};
			name = Debug;
		};
		007CBC8C29A3AF190087F68B /* Release */ = {
			isa = XCBuildConfiguration;
			buildSettings = {
				ASSETCATALOG_COMPILER_APPICON_NAME = AppIcon;
				ASSETCATALOG_COMPILER_GLOBAL_ACCENT_COLOR_NAME = AccentColor;
				CODE_SIGN_STYLE = Automatic;
				CURRENT_PROJECT_VERSION = 1;
				DEVELOPMENT_TEAM = TLVPYH63L4;
				GENERATE_INFOPLIST_FILE = YES;
				INFOPLIST_FILE = CompositionalImageViewer/Info.plist;
				INFOPLIST_KEY_UIApplicationSupportsIndirectInputEvents = YES;
				INFOPLIST_KEY_UILaunchStoryboardName = LaunchScreen;
				INFOPLIST_KEY_UISupportedInterfaceOrientations_iPad = "UIInterfaceOrientationPortrait UIInterfaceOrientationPortraitUpsideDown UIInterfaceOrientationLandscapeLeft UIInterfaceOrientationLandscapeRight";
				INFOPLIST_KEY_UISupportedInterfaceOrientations_iPhone = "UIInterfaceOrientationPortrait UIInterfaceOrientationLandscapeLeft UIInterfaceOrientationLandscapeRight";
				LD_RUNPATH_SEARCH_PATHS = (
					"$(inherited)",
					"@executable_path/Frameworks",
				);
				MARKETING_VERSION = 1.0;
				PRODUCT_BUNDLE_IDENTIFIER = com.merichle.CompositionalImageViewer;
				PRODUCT_NAME = "$(TARGET_NAME)";
				SWIFT_EMIT_LOC_STRINGS = YES;
				SWIFT_VERSION = 5.0;
				TARGETED_DEVICE_FAMILY = "1,2";
			};
			name = Release;
		};
/* End XCBuildConfiguration section */

/* Begin XCConfigurationList section */
		007CBC7129A3AF180087F68B /* Build configuration list for PBXProject "CompositionalImageViewer" */ = {
			isa = XCConfigurationList;
			buildConfigurations = (
				007CBC8829A3AF190087F68B /* Debug */,
				007CBC8929A3AF190087F68B /* Release */,
			);
			defaultConfigurationIsVisible = 0;
			defaultConfigurationName = Release;
		};
		007CBC8A29A3AF190087F68B /* Build configuration list for PBXNativeTarget "CompositionalImageViewer" */ = {
			isa = XCConfigurationList;
			buildConfigurations = (
				007CBC8B29A3AF190087F68B /* Debug */,
				007CBC8C29A3AF190087F68B /* Release */,
			);
			defaultConfigurationIsVisible = 0;
			defaultConfigurationName = Release;
		};
/* End XCConfigurationList section */
	};
	rootObject = 007CBC6E29A3AF180087F68B /* Project object */;
}
